{
  "name": "flyteconsole",
  "version": "0.19.7",
  "lockfileVersion": 1,
  "requires": true,
  "dependencies": {
    "@flyteorg/flyteidl": {
      "version": "0.18.32",
      "resolved": "https://registry.npmjs.org/@flyteorg/flyteidl/-/flyteidl-0.18.32.tgz",
      "integrity": "sha512-wMEJSs787LZs+KTHrJYYImpKn1i4VhwZyijd+ofO+YR+fhUIq4UbS4cwsjDYM5h3hL1Gx6he496XlrNQoyaDyw==",
      "dev": true
    }
  }
}
